
Microsoft Visual Studio Solution File, Format Version 12.00
# Visual Studio Version 17
VisualStudioVersion = 17.4.33213.308
MinimumVisualStudioVersion = 10.0.40219.1
Project("{FAE04EC0-301F-11D3-BF4B-00C04F79EFBC}") = "NZWalks.API", "NZWalks.API\NZWalks.API.csproj", "{EC7628D5-123B-4D20-A6B7-62D1994EC422}"
EndProject
Global
	GlobalSection(SolutionConfigurationPlatforms) = preSolution
		Debug|Any CPU = Debug|Any CPU
		Release|Any CPU = Release|Any CPU
	EndGlobalSection
	GlobalSection(ProjectConfigurationPlatforms) = postSolution
		{EC7628D5-123B-4D20-A6B7-62D1994EC422}.Debug|Any CPU.ActiveCfg = Debug|Any CPU
		{EC7628D5-123B-4D20-A6B7-62D1994EC422}.Debug|Any CPU.Build.0 = Debug|Any CPU
		{EC7628D5-123B-4D20-A6B7-62D1994EC422}.Release|Any CPU.ActiveCfg = Release|Any CPU
		{EC7628D5-123B-4D20-A6B7-62D1994EC422}.Release|Any CPU.Build.0 = Release|Any CPU
	EndGlobalSection
	GlobalSection(SolutionProperties) = preSolution
		HideSolutionNode = FALSE
	EndGlobalSection
	GlobalSection(ExtensibilityGlobals) = postSolution
		SolutionGuid = {3EDE4136-2AC7-47A5-AD78-B6F133B58A21}
	EndGlobalSection
EndGlobal
